<?xml version="1.0" encoding="utf-8"?>
<Project ToolsVersion="4.0" xmlns="http://schemas.microsoft.com/developer/msbuild/2003">
  <ItemGroup>
    <Filter Include="Source Files">
      <UniqueIdentifier>{4FC737F1-C7A5-4376-A066-2A32D752A2FF}</UniqueIdentifier>
      <Extensions>cpp;c;cc;cxx;c++;def;odl;idl;hpj;bat;asm;asmx</Extensions>
    </Filter>
    <Filter Include="Header Files">
      <UniqueIdentifier>{93995380-89BD-4b04-88EB-625FBE52EBFB}</UniqueIdentifier>
      <Extensions>h;hh;hpp;hxx;h++;hm;inl;inc;ipp;xsd</Extensions>
    </Filter>
    <Filter Include="Resource Files">
      <UniqueIdentifier>{67DA6AB6-F800-4c08-8B7A-83BB121AAD01}</UniqueIdentifier>
      <Extensions>rc;ico;cur;bmp;dlg;rc2;rct;bin;rgs;gif;jpg;jpeg;jpe;resx;tiff;tif;png;wav;mfcribbon-ms</Extensions>
    </Filter>
    <Filter Include="Source Files\hk">
      <UniqueIdentifier>{0f402181-22a8-4f1a-a985-6512db60cbb3}</UniqueIdentifier>
    </Filter>
    <Filter Include="Header Files\gd">
      <UniqueIdentifier>{517f21af-4d80-44bc-a04d-48a5d7333e86}</UniqueIdentifier>
    </Filter>
    <Filter Include="Header Files\cocos">
      <UniqueIdentifier>{e32d6d36-72ba-4da9-b809-5ea1d4fca1c3}</UniqueIdentifier>
    </Filter>
    <Filter Include="misc">
      <UniqueIdentifier>{6c7fd7d2-3c7e-4a06-bb15-1a8375b27580}</UniqueIdentifier>
    </Filter>
    <Filter Include="Source Files\ldr">
      <UniqueIdentifier>{2ea22d85-7057-4596-a9be-d5a42acb31c7}</UniqueIdentifier>
    </Filter>
  </ItemGroup>
  <ItemGroup>
    <ClInclude Include="framework.h">
      <Filter>Header Files</Filter>
    </ClInclude>
    <ClInclude Include="pch.h">
      <Filter>Header Files</Filter>
    </ClInclude>
    <ClInclude Include="cocos.h">
      <Filter>Header Files\cocos</Filter>
    </ClInclude>
    <ClInclude Include="gd.h">
      <Filter>Header Files\gd</Filter>
    </ClInclude>
    <ClInclude Include="hk.h">
      <Filter>Source Files\hk</Filter>
    </ClInclude>
    <ClInclude Include="ldr.h">
      <Filter>Source Files\ldr</Filter>
    </ClInclude>
  </ItemGroup>
  <ItemGroup>
    <ClCompile Include="dllmain.cpp">
      <Filter>Source Files</Filter>
    </ClCompile>
    <ClCompile Include="pch.cpp">
      <Filter>Source Files</Filter>
    </ClCompile>
    <ClCompile Include="cocos.cpp">
      <Filter>Header Files\cocos</Filter>
    </ClCompile>
    <ClCompile Include="gd.cpp">
      <Filter>Header Files\gd</Filter>
    </ClCompile>
    <ClCompile Include="hk.cpp">
      <Filter>Source Files\hk</Filter>
    </ClCompile>
    <ClCompile Include="ldr.cpp">
      <Filter>Source Files\ldr</Filter>
    </ClCompile>
  </ItemGroup>
  <ItemGroup>
    <Text Include="..\dependencies.txt">
      <Filter>misc</Filter>
    </Text>
    <Text Include="..\todo.txt">
      <Filter>misc</Filter>
    </Text>
  </ItemGroup>
</Project>